lockfileVersion: '9.0'

settings:
  autoInstallPeers: true
  excludeLinksFromLockfile: false

importers:

  .:
    devDependencies:
      prettier:
        specifier: ^3.3.3
        version: 3.4.1

packages:

  prettier@3.4.1:
    resolution: {integrity: sha512-G+YdqtITVZmOJje6QkXQWzl3fSfMxFwm1tjTyo9exhkmWSqC4Yhd1+lug++IlR2mvRVAxEDDWYkQdeSztajqgg==}
    engines: {node: '>=14'}
    hasBin: true

snapshots:

  prettier@3.4.1: {}
