lockfileVersion: '9.0'

settings:
  autoInstallPeers: true
  excludeLinksFromLockfile: false

importers:

  .:
    devDependencies:
      prettier:
        specifier: ^3.3.3
        version: 3.9.0

packages:

  prettier@3.9.0:
    resolution: {integrity: sha512-LjIqSIC5VYLzs9WedVmJ2ljNAGnU+DteIClbahu4L/DBeWjZ6iT/k1lAYyu9JUh+1xINxWadaPw/Pl63y/agAw==}
    engines: {node: '>=14'}
    hasBin: true

snapshots:

  prettier@3.9.0: {}
